
Microsoft Visual Studio Solution File, Format Version 12.00
# Visual Studio Version 17
VisualStudioVersion = 17.0.31903.59
MinimumVisualStudioVersion = 10.0.40219.1
Project("{2150E333-8FDC-42A3-9474-1A3956D46DE8}") = "src", "src", "{CC5535A6-C502-40C1-AC23-A5E2AF0987A3}"
EndProject
Project("{2150E333-8FDC-42A3-9474-1A3956D46DE8}") = "Core", "Core", "{9EC5FD34-B9BF-452E-9C96-FBB321C385CE}"
EndProject
Project("{9A19103F-16F7-4668-BE54-9A1E7A4F7556}") = "LeaveRequest.Domain", "src\Core\LeaveRequest.Domain\LeaveRequest.Domain.csproj", "{E52F4C5B-338E-4D2B-A0D7-43CC612A43ED}"
EndProject
Project("{2150E333-8FDC-42A3-9474-1A3956D46DE8}") = "Infrastructure", "Infrastructure", "{BA1879C3-3C75-4914-828A-C4EE4B284C6F}"
EndProject
Project("{9A19103F-16F7-4668-BE54-9A1E7A4F7556}") = "LeaveRequest.Persistence", "src\Infrastructure\LeaveRequest.Persistence\LeaveRequest.Persistence.csproj", "{0EDA466E-7502-4D60-AED3-2B1B06406D8C}"
EndProject
Project("{2150E333-8FDC-42A3-9474-1A3956D46DE8}") = "App", "App", "{675CB89D-FB5C-41F0-8AE0-29D6BCCEE345}"
EndProject
Project("{9A19103F-16F7-4668-BE54-9A1E7A4F7556}") = "LeaveRequest.App", "src\App\LeaveRequest.App\LeaveRequest.App.csproj", "{2B925E4D-16D4-4A5F-A576-5D9803AB5CF5}"
EndProject
Project("{2150E333-8FDC-42A3-9474-1A3956D46DE8}") = "test", "test", "{B3E4EE58-D3F4-4835-A62B-D21E898BE7EE}"
EndProject
Project("{9A19103F-16F7-4668-BE54-9A1E7A4F7556}") = "LeaveRequest.Test", "test\LeaveRequest.Test\LeaveRequest.Test.csproj", "{1050E7D5-F774-4868-9848-CB640C84525A}"
EndProject
Project("{2150E333-8FDC-42A3-9474-1A3956D46DE8}") = "UI", "UI", "{320C0813-BB27-453F-B32C-F144FDCC3393}"
EndProject
Project("{9A19103F-16F7-4668-BE54-9A1E7A4F7556}") = "LeaveRequest.WASM.App", "src\UI\LeaveRequest.WASM.App\LeaveRequest.WASM.App.csproj", "{3C3E1E7D-3D75-4905-BCE1-07C71F31C534}"
EndProject
Project("{9A19103F-16F7-4668-BE54-9A1E7A4F7556}") = "LeaveRequest.Application", "src\Core\LeaveRequest.Application\LeaveRequest.Application.csproj", "{2FA32F94-EA60-404A-BDBC-0126B9E1947F}"
EndProject
Project("{9A19103F-16F7-4668-BE54-9A1E7A4F7556}") = "LeaveRequest.Api", "src\App\LeaveRequest.Api\LeaveRequest.Api.csproj", "{0A05607C-017B-4604-B325-1164D3C88D0C}"
EndProject
Global
	GlobalSection(SolutionConfigurationPlatforms) = preSolution
		Debug|Any CPU = Debug|Any CPU
		Release|Any CPU = Release|Any CPU
	EndGlobalSection
	GlobalSection(ProjectConfigurationPlatforms) = postSolution
		{E52F4C5B-338E-4D2B-A0D7-43CC612A43ED}.Debug|Any CPU.ActiveCfg = Debug|Any CPU
		{E52F4C5B-338E-4D2B-A0D7-43CC612A43ED}.Debug|Any CPU.Build.0 = Debug|Any CPU
		{E52F4C5B-338E-4D2B-A0D7-43CC612A43ED}.Release|Any CPU.ActiveCfg = Release|Any CPU
		{E52F4C5B-338E-4D2B-A0D7-43CC612A43ED}.Release|Any CPU.Build.0 = Release|Any CPU
		{0EDA466E-7502-4D60-AED3-2B1B06406D8C}.Debug|Any CPU.ActiveCfg = Debug|Any CPU
		{0EDA466E-7502-4D60-AED3-2B1B06406D8C}.Debug|Any CPU.Build.0 = Debug|Any CPU
		{0EDA466E-7502-4D60-AED3-2B1B06406D8C}.Release|Any CPU.ActiveCfg = Release|Any CPU
		{0EDA466E-7502-4D60-AED3-2B1B06406D8C}.Release|Any CPU.Build.0 = Release|Any CPU
		{2B925E4D-16D4-4A5F-A576-5D9803AB5CF5}.Debug|Any CPU.ActiveCfg = Debug|Any CPU
		{2B925E4D-16D4-4A5F-A576-5D9803AB5CF5}.Debug|Any CPU.Build.0 = Debug|Any CPU
		{2B925E4D-16D4-4A5F-A576-5D9803AB5CF5}.Release|Any CPU.ActiveCfg = Release|Any CPU
		{2B925E4D-16D4-4A5F-A576-5D9803AB5CF5}.Release|Any CPU.Build.0 = Release|Any CPU
		{1050E7D5-F774-4868-9848-CB640C84525A}.Debug|Any CPU.ActiveCfg = Debug|Any CPU
		{1050E7D5-F774-4868-9848-CB640C84525A}.Debug|Any CPU.Build.0 = Debug|Any CPU
		{1050E7D5-F774-4868-9848-CB640C84525A}.Release|Any CPU.ActiveCfg = Release|Any CPU
		{1050E7D5-F774-4868-9848-CB640C84525A}.Release|Any CPU.Build.0 = Release|Any CPU
		{3C3E1E7D-3D75-4905-BCE1-07C71F31C534}.Debug|Any CPU.ActiveCfg = Debug|Any CPU
		{3C3E1E7D-3D75-4905-BCE1-07C71F31C534}.Debug|Any CPU.Build.0 = Debug|Any CPU
		{3C3E1E7D-3D75-4905-BCE1-07C71F31C534}.Release|Any CPU.ActiveCfg = Release|Any CPU
		{3C3E1E7D-3D75-4905-BCE1-07C71F31C534}.Release|Any CPU.Build.0 = Release|Any CPU
		{2FA32F94-EA60-404A-BDBC-0126B9E1947F}.Debug|Any CPU.ActiveCfg = Debug|Any CPU
		{2FA32F94-EA60-404A-BDBC-0126B9E1947F}.Debug|Any CPU.Build.0 = Debug|Any CPU
		{2FA32F94-EA60-404A-BDBC-0126B9E1947F}.Release|Any CPU.ActiveCfg = Release|Any CPU
		{2FA32F94-EA60-404A-BDBC-0126B9E1947F}.Release|Any CPU.Build.0 = Release|Any CPU
		{0A05607C-017B-4604-B325-1164D3C88D0C}.Debug|Any CPU.ActiveCfg = Debug|Any CPU
		{0A05607C-017B-4604-B325-1164D3C88D0C}.Debug|Any CPU.Build.0 = Debug|Any CPU
		{0A05607C-017B-4604-B325-1164D3C88D0C}.Release|Any CPU.ActiveCfg = Release|Any CPU
		{0A05607C-017B-4604-B325-1164D3C88D0C}.Release|Any CPU.Build.0 = Release|Any CPU
	EndGlobalSection
	GlobalSection(SolutionProperties) = preSolution
		HideSolutionNode = FALSE
	EndGlobalSection
	GlobalSection(NestedProjects) = preSolution
		{9EC5FD34-B9BF-452E-9C96-FBB321C385CE} = {CC5535A6-C502-40C1-AC23-A5E2AF0987A3}
		{E52F4C5B-338E-4D2B-A0D7-43CC612A43ED} = {9EC5FD34-B9BF-452E-9C96-FBB321C385CE}
		{BA1879C3-3C75-4914-828A-C4EE4B284C6F} = {CC5535A6-C502-40C1-AC23-A5E2AF0987A3}
		{0EDA466E-7502-4D60-AED3-2B1B06406D8C} = {BA1879C3-3C75-4914-828A-C4EE4B284C6F}
		{675CB89D-FB5C-41F0-8AE0-29D6BCCEE345} = {CC5535A6-C502-40C1-AC23-A5E2AF0987A3}
		{2B925E4D-16D4-4A5F-A576-5D9803AB5CF5} = {675CB89D-FB5C-41F0-8AE0-29D6BCCEE345}
		{1050E7D5-F774-4868-9848-CB640C84525A} = {B3E4EE58-D3F4-4835-A62B-D21E898BE7EE}
		{320C0813-BB27-453F-B32C-F144FDCC3393} = {CC5535A6-C502-40C1-AC23-A5E2AF0987A3}
		{3C3E1E7D-3D75-4905-BCE1-07C71F31C534} = {320C0813-BB27-453F-B32C-F144FDCC3393}
		{2FA32F94-EA60-404A-BDBC-0126B9E1947F} = {9EC5FD34-B9BF-452E-9C96-FBB321C385CE}
		{0A05607C-017B-4604-B325-1164D3C88D0C} = {675CB89D-FB5C-41F0-8AE0-29D6BCCEE345}
	EndGlobalSection
	GlobalSection(ExtensibilityGlobals) = postSolution
		SolutionGuid = {9C22AD28-1AF2-4F0D-9E6F-9A818671F18A}
	EndGlobalSection
EndGlobal
